// !$*UTF8*$!
{
	archiveVersion = 1;
	classes = {
	};
	objectVersion = 52;
	objects = {

/* Begin PBXBuildFile section */
		7906B08E28B9623D00681E6E /* AlertFeature in Frameworks */ = {isa = PBXBuildFile; productRef = 7906B08D28B9623D00681E6E /* AlertFeature */; };
		791B4546287358D800F1EBE6 /* PharusUI in Frameworks */ = {isa = PBXBuildFile; productRef = 791B4545287358D800F1EBE6 /* PharusUI */; };
		7929987328B659F1009D5E0C /* CoreApp in Frameworks */ = {isa = PBXBuildFile; productRef = 7929987228B659F1009D5E0C /* CoreApp */; };
		7929987528B659F1009D5E0C /* CoreKit in Frameworks */ = {isa = PBXBuildFile; productRef = 7929987428B659F1009D5E0C /* CoreKit */; };
		7929987728B659F1009D5E0C /* CoreNetwork in Frameworks */ = {isa = PBXBuildFile; productRef = 7929987628B659F1009D5E0C /* CoreNetwork */; };
		7929987928B659F1009D5E0C /* CoreScene in Frameworks */ = {isa = PBXBuildFile; productRef = 7929987828B659F1009D5E0C /* CoreScene */; };
		7929987D28B659F1009D5E0C /* CoreStorage in Frameworks */ = {isa = PBXBuildFile; productRef = 7929987C28B659F1009D5E0C /* CoreStorage */; };
		7929987F28B659F1009D5E0C /* DataKit in Frameworks */ = {isa = PBXBuildFile; productRef = 7929987E28B659F1009D5E0C /* DataKit */; };
		79458CBA28A5766B00537910 /* InjectionKit in Frameworks */ = {isa = PBXBuildFile; productRef = 79458CB928A5766B00537910 /* InjectionKit */; };
		79621ABD28B68AB800A150F1 /* AppFeature in Frameworks */ = {isa = PBXBuildFile; productRef = 79621ABC28B68AB800A150F1 /* AppFeature */; };
		79621AC028B68BC900A150F1 /* SendFileFeature in Frameworks */ = {isa = PBXBuildFile; productRef = 79621ABF28B68BC900A150F1 /* SendFileFeature */; };
		799AFB35285CECDF001B0371 /* Network.swift in Sources */ = {isa = PBXBuildFile; fileRef = 799AFA89285CECDE001B0371 /* Network.swift */; };
		799AFB3A285CECDF001B0371 /* AppDelegate.swift in Sources */ = {isa = PBXBuildFile; fileRef = 799AFA8F285CECDE001B0371 /* AppDelegate.swift */; };
		799AFB3B285CECDF001B0371 /* SceneDelegate.swift in Sources */ = {isa = PBXBuildFile; fileRef = 799AFA90285CECDE001B0371 /* SceneDelegate.swift */; };
		799AFB3F285CECDF001B0371 /* Assets.xcassets in Resources */ = {isa = PBXBuildFile; fileRef = 799AFA94285CECDE001B0371 /* Assets.xcassets */; };
		799AFB41285CECDF001B0371 /* LaunchScreen.storyboard in Resources */ = {isa = PBXBuildFile; fileRef = 799AFA96285CECDE001B0371 /* LaunchScreen.storyboard */; };
		799AFB5C285CECDF001B0371 /* Montserrat-Medium.ttf in Resources */ = {isa = PBXBuildFile; fileRef = 799AFAB9285CECDE001B0371 /* Montserrat-Medium.ttf */; };
		799AFB5D285CECDF001B0371 /* Montserrat-Bold.ttf in Resources */ = {isa = PBXBuildFile; fileRef = 799AFABA285CECDE001B0371 /* Montserrat-Bold.ttf */; };
		799AFB5E285CECDF001B0371 /* Montserrat-SemiBold.ttf in Resources */ = {isa = PBXBuildFile; fileRef = 799AFABB285CECDE001B0371 /* Montserrat-SemiBold.ttf */; };
		799AFB5F285CECDF001B0371 /* Montserrat-Regular.ttf in Resources */ = {isa = PBXBuildFile; fileRef = 799AFABC285CECDE001B0371 /* Montserrat-Regular.ttf */; };
		799AFB60285CECDF001B0371 /* OpenSans-SemiBold.ttf in Resources */ = {isa = PBXBuildFile; fileRef = 799AFABE285CECDE001B0371 /* OpenSans-SemiBold.ttf */; };
		799AFB61285CECDF001B0371 /* OpenSans-Bold.ttf in Resources */ = {isa = PBXBuildFile; fileRef = 799AFABF285CECDE001B0371 /* OpenSans-Bold.ttf */; };
		799AFB62285CECDF001B0371 /* OpenSans-Medium.ttf in Resources */ = {isa = PBXBuildFile; fileRef = 799AFAC0285CECDE001B0371 /* OpenSans-Medium.ttf */; };
		799AFB63285CECDF001B0371 /* OpenSans-Regular.ttf in Resources */ = {isa = PBXBuildFile; fileRef = 799AFAC1285CECDE001B0371 /* OpenSans-Regular.ttf */; };
		79CA733628B6593C001EE3B7 /* PharusApp in Frameworks */ = {isa = PBXBuildFile; productRef = 79CA733528B6593C001EE3B7 /* PharusApp */; };
		79F06DA127F28FCD00343865 /* LoginPresenterTests.swift in Sources */ = {isa = PBXBuildFile; fileRef = 79F06DA027F28FCD00343865 /* LoginPresenterTests.swift */; };
		79F12BE728B6860B00C23947 /* AvatarSelectionFeature in Frameworks */ = {isa = PBXBuildFile; productRef = 79F12BE628B6860B00C23947 /* AvatarSelectionFeature */; };
		79F12BE928B6860B00C23947 /* HomeFeature in Frameworks */ = {isa = PBXBuildFile; productRef = 79F12BE828B6860B00C23947 /* HomeFeature */; };
		79F12BEB28B6860B00C23947 /* LoginFeature in Frameworks */ = {isa = PBXBuildFile; productRef = 79F12BEA28B6860B00C23947 /* LoginFeature */; };
		79F12BED28B6860B00C23947 /* StudentProfileFeature in Frameworks */ = {isa = PBXBuildFile; productRef = 79F12BEC28B6860B00C23947 /* StudentProfileFeature */; };
		79F12BF128B6860B00C23947 /* StudentProjectsFeature in Frameworks */ = {isa = PBXBuildFile; productRef = 79F12BF028B6860B00C23947 /* StudentProjectsFeature */; };
		79F12BF328B6860B00C23947 /* StudentProjectsRankingFeature in Frameworks */ = {isa = PBXBuildFile; productRef = 79F12BF228B6860B00C23947 /* StudentProjectsRankingFeature */; };
/* End PBXBuildFile section */

/* Begin PBXContainerItemProxy section */
		79F06DA227F28FCD00343865 /* PBXContainerItemProxy */ = {
			isa = PBXContainerItemProxy;
			containerPortal = C045617F27EA03A5007EC5C3 /* Project object */;
			proxyType = 1;
			remoteGlobalIDString = C045618627EA03A5007EC5C3;
			remoteInfo = Pharus;
		};
/* End PBXContainerItemProxy section */

/* Begin PBXFileReference section */
		7906B08C28B961F800681E6E /* AlertFeature */ = {isa = PBXFileReference; lastKnownFileType = wrapper; path = AlertFeature; sourceTree = "<group>"; };
		79458CB828A5765000537910 /* InjectionKit */ = {isa = PBXFileReference; lastKnownFileType = wrapper; path = InjectionKit; sourceTree = "<group>"; };
		795B451728B7E7DA006D3835 /* FullAvatarImages.swift */ = {isa = PBXFileReference; lastKnownFileType = sourcecode.swift; path = FullAvatarImages.swift; sourceTree = "<group>"; };
		795B451828B7E7DA006D3835 /* PharusIcons.swift */ = {isa = PBXFileReference; lastKnownFileType = sourcecode.swift; path = PharusIcons.swift; sourceTree = "<group>"; };
		795B451928B7E7DA006D3835 /* UIImage+Extension.swift */ = {isa = PBXFileReference; lastKnownFileType = sourcecode.swift; path = "UIImage+Extension.swift"; sourceTree = "<group>"; };
		795B451A28B7E7DA006D3835 /* CompanyImages.swift.swift */ = {isa = PBXFileReference; lastKnownFileType = sourcecode.swift; path = CompanyImages.swift.swift; sourceTree = "<group>"; };
		795B451B28B7E7DA006D3835 /* CircleAvatarImages.swift */ = {isa = PBXFileReference; lastKnownFileType = sourcecode.swift; path = CircleAvatarImages.swift; sourceTree = "<group>"; };
		795B451C28B7E7DA006D3835 /* PharusImages.swift */ = {isa = PBXFileReference; lastKnownFileType = sourcecode.swift; path = PharusImages.swift; sourceTree = "<group>"; };
		795B451D28B7E7DA006D3835 /* UIFont+Extension.swift */ = {isa = PBXFileReference; lastKnownFileType = sourcecode.swift; path = "UIFont+Extension.swift"; sourceTree = "<group>"; };
		795B451E28B7E7DA006D3835 /* UIColor+Extension.swift */ = {isa = PBXFileReference; lastKnownFileType = sourcecode.swift; path = "UIColor+Extension.swift"; sourceTree = "<group>"; };
		795B451F28B7E7DA006D3835 /* UIView+Extension.swift */ = {isa = PBXFileReference; lastKnownFileType = sourcecode.swift; path = "UIView+Extension.swift"; sourceTree = "<group>"; };
		795B452128B7E7DA006D3835 /* UITabBarController+Extension.swift */ = {isa = PBXFileReference; lastKnownFileType = sourcecode.swift; path = "UITabBarController+Extension.swift"; sourceTree = "<group>"; };
		795B452228B7E7DA006D3835 /* UIViewController+Extension.swift */ = {isa = PBXFileReference; lastKnownFileType = sourcecode.swift; path = "UIViewController+Extension.swift"; sourceTree = "<group>"; };
		795B452328B7E7DA006D3835 /* UIStackView+Extension.swift */ = {isa = PBXFileReference; lastKnownFileType = sourcecode.swift; path = "UIStackView+Extension.swift"; sourceTree = "<group>"; };
		795B452428B7E7DA006D3835 /* CGFloat+Extension.swift */ = {isa = PBXFileReference; lastKnownFileType = sourcecode.swift; path = "CGFloat+Extension.swift"; sourceTree = "<group>"; };
		79621ABB28B68A7C00A150F1 /* AppFeature */ = {isa = PBXFileReference; lastKnownFileType = wrapper; path = AppFeature; sourceTree = "<group>"; };
		79621ABE28B68B6F00A150F1 /* SendFileFeature */ = {isa = PBXFileReference; lastKnownFileType = wrapper; path = SendFileFeature; sourceTree = "<group>"; };
		797A471C287481F2005A3632 /* PharusUI */ = {isa = PBXFileReference; lastKnownFileType = wrapper; path = PharusUI; sourceTree = "<group>"; };
		799AFA89285CECDE001B0371 /* Network.swift */ = {isa = PBXFileReference; fileEncoding = 4; lastKnownFileType = sourcecode.swift; path = Network.swift; sourceTree = "<group>"; };
		799AFA8F285CECDE001B0371 /* AppDelegate.swift */ = {isa = PBXFileReference; fileEncoding = 4; lastKnownFileType = sourcecode.swift; path = AppDelegate.swift; sourceTree = "<group>"; };
		799AFA90285CECDE001B0371 /* SceneDelegate.swift */ = {isa = PBXFileReference; fileEncoding = 4; lastKnownFileType = sourcecode.swift; path = SceneDelegate.swift; sourceTree = "<group>"; };
		799AFA94285CECDE001B0371 /* Assets.xcassets */ = {isa = PBXFileReference; lastKnownFileType = folder.assetcatalog; path = Assets.xcassets; sourceTree = "<group>"; };
		799AFA97285CECDE001B0371 /* Base */ = {isa = PBXFileReference; lastKnownFileType = file.storyboard; name = Base; path = Base.lproj/LaunchScreen.storyboard; sourceTree = "<group>"; };
		799AFAB4285CECDE001B0371 /* Pharus.entitlements */ = {isa = PBXFileReference; fileEncoding = 4; lastKnownFileType = text.plist.entitlements; path = Pharus.entitlements; sourceTree = "<group>"; };
		799AFAB9285CECDE001B0371 /* Montserrat-Medium.ttf */ = {isa = PBXFileReference; lastKnownFileType = file; path = "Montserrat-Medium.ttf"; sourceTree = "<group>"; };
		799AFABA285CECDE001B0371 /* Montserrat-Bold.ttf */ = {isa = PBXFileReference; lastKnownFileType = file; path = "Montserrat-Bold.ttf"; sourceTree = "<group>"; };
		799AFABB285CECDE001B0371 /* Montserrat-SemiBold.ttf */ = {isa = PBXFileReference; lastKnownFileType = file; path = "Montserrat-SemiBold.ttf"; sourceTree = "<group>"; };
		799AFABC285CECDE001B0371 /* Montserrat-Regular.ttf */ = {isa = PBXFileReference; lastKnownFileType = file; path = "Montserrat-Regular.ttf"; sourceTree = "<group>"; };
		799AFABE285CECDE001B0371 /* OpenSans-SemiBold.ttf */ = {isa = PBXFileReference; lastKnownFileType = file; path = "OpenSans-SemiBold.ttf"; sourceTree = "<group>"; };
		799AFABF285CECDE001B0371 /* OpenSans-Bold.ttf */ = {isa = PBXFileReference; lastKnownFileType = file; path = "OpenSans-Bold.ttf"; sourceTree = "<group>"; };
		799AFAC0285CECDE001B0371 /* OpenSans-Medium.ttf */ = {isa = PBXFileReference; lastKnownFileType = file; path = "OpenSans-Medium.ttf"; sourceTree = "<group>"; };
		799AFAC1285CECDE001B0371 /* OpenSans-Regular.ttf */ = {isa = PBXFileReference; lastKnownFileType = file; path = "OpenSans-Regular.ttf"; sourceTree = "<group>"; };
		799AFAC2285CECDE001B0371 /* Info.plist */ = {isa = PBXFileReference; fileEncoding = 4; lastKnownFileType = text.plist.xml; path = Info.plist; sourceTree = "<group>"; };
		79CA732D28B656C3001EE3B7 /* CoreKit */ = {isa = PBXFileReference; lastKnownFileType = wrapper; path = CoreKit; sourceTree = "<group>"; };
		79CA732E28B656CE001EE3B7 /* DataKit */ = {isa = PBXFileReference; lastKnownFileType = wrapper; path = DataKit; sourceTree = "<group>"; };
		79CA732F28B656D9001EE3B7 /* CoreScene */ = {isa = PBXFileReference; lastKnownFileType = wrapper; path = CoreScene; sourceTree = "<group>"; };
		79CA733028B656E5001EE3B7 /* CoreApp */ = {isa = PBXFileReference; lastKnownFileType = wrapper; path = CoreApp; sourceTree = "<group>"; };
		79CA733128B656FA001EE3B7 /* PharusApp */ = {isa = PBXFileReference; lastKnownFileType = wrapper; path = PharusApp; sourceTree = "<group>"; };
		79CA733328B65764001EE3B7 /* CoreNetwork */ = {isa = PBXFileReference; lastKnownFileType = wrapper; path = CoreNetwork; sourceTree = "<group>"; };
		79CA733428B65781001EE3B7 /* CoreStorage */ = {isa = PBXFileReference; lastKnownFileType = wrapper; path = CoreStorage; sourceTree = "<group>"; };
		79F06D9E27F28FCD00343865 /* PharusTests.xctest */ = {isa = PBXFileReference; explicitFileType = wrapper.cfbundle; includeInIndex = 0; path = PharusTests.xctest; sourceTree = BUILT_PRODUCTS_DIR; };
		79F06DA027F28FCD00343865 /* LoginPresenterTests.swift */ = {isa = PBXFileReference; lastKnownFileType = sourcecode.swift; path = LoginPresenterTests.swift; sourceTree = "<group>"; };
		79F12BDF28B684BB00C23947 /* LoginFeature */ = {isa = PBXFileReference; lastKnownFileType = wrapper; path = LoginFeature; sourceTree = "<group>"; };
		79F12BE028B684CF00C23947 /* HomeFeature */ = {isa = PBXFileReference; lastKnownFileType = wrapper; path = HomeFeature; sourceTree = "<group>"; };
		79F12BE128B6855D00C23947 /* StudentProjectsFeature */ = {isa = PBXFileReference; lastKnownFileType = wrapper; path = StudentProjectsFeature; sourceTree = "<group>"; };
		79F12BE328B6859B00C23947 /* StudentProjectsRankingFeature */ = {isa = PBXFileReference; lastKnownFileType = wrapper; path = StudentProjectsRankingFeature; sourceTree = "<group>"; };
		79F12BE428B685AE00C23947 /* AvatarSelectionFeature */ = {isa = PBXFileReference; lastKnownFileType = wrapper; path = AvatarSelectionFeature; sourceTree = "<group>"; };
		79F12BE528B685DB00C23947 /* StudentProfileFeature */ = {isa = PBXFileReference; lastKnownFileType = wrapper; path = StudentProfileFeature; sourceTree = "<group>"; };
		C045618727EA03A5007EC5C3 /* Pharus.app */ = {isa = PBXFileReference; explicitFileType = wrapper.application; includeInIndex = 0; path = Pharus.app; sourceTree = BUILT_PRODUCTS_DIR; };
/* End PBXFileReference section */

/* Begin PBXFrameworksBuildPhase section */
		79F06D9B27F28FCD00343865 /* Frameworks */ = {
			isa = PBXFrameworksBuildPhase;
			buildActionMask = 2147483647;
			files = (
			);
			runOnlyForDeploymentPostprocessing = 0;
		};
		C045618427EA03A5007EC5C3 /* Frameworks */ = {
			isa = PBXFrameworksBuildPhase;
			buildActionMask = 2147483647;
			files = (
				79F12BED28B6860B00C23947 /* StudentProfileFeature in Frameworks */,
				79F12BE928B6860B00C23947 /* HomeFeature in Frameworks */,
				79621AC028B68BC900A150F1 /* SendFileFeature in Frameworks */,
				79CA733628B6593C001EE3B7 /* PharusApp in Frameworks */,
				79F12BF328B6860B00C23947 /* StudentProjectsRankingFeature in Frameworks */,
				7929987F28B659F1009D5E0C /* DataKit in Frameworks */,
				7929987328B659F1009D5E0C /* CoreApp in Frameworks */,
				7929987D28B659F1009D5E0C /* CoreStorage in Frameworks */,
				79621ABD28B68AB800A150F1 /* AppFeature in Frameworks */,
				7929987928B659F1009D5E0C /* CoreScene in Frameworks */,
				7906B08E28B9623D00681E6E /* AlertFeature in Frameworks */,
				7929987528B659F1009D5E0C /* CoreKit in Frameworks */,
				791B4546287358D800F1EBE6 /* PharusUI in Frameworks */,
				7929987728B659F1009D5E0C /* CoreNetwork in Frameworks */,
				79F12BEB28B6860B00C23947 /* LoginFeature in Frameworks */,
				79458CBA28A5766B00537910 /* InjectionKit in Frameworks */,
				79F12BE728B6860B00C23947 /* AvatarSelectionFeature in Frameworks */,
				79F12BF128B6860B00C23947 /* StudentProjectsFeature in Frameworks */,
			);
			runOnlyForDeploymentPostprocessing = 0;
		};
/* End PBXFrameworksBuildPhase section */

/* Begin PBXGroup section */
		791B4544287358D800F1EBE6 /* Frameworks */ = {
			isa = PBXGroup;
			children = (
			);
			name = Frameworks;
			sourceTree = "<group>";
		};
		795B451528B7E7DA006D3835 /* Extension */ = {
			isa = PBXGroup;
			children = (
				795B451628B7E7DA006D3835 /* UIImage */,
				795B451D28B7E7DA006D3835 /* UIFont+Extension.swift */,
				795B451E28B7E7DA006D3835 /* UIColor+Extension.swift */,
				795B451F28B7E7DA006D3835 /* UIView+Extension.swift */,
				795B452128B7E7DA006D3835 /* UITabBarController+Extension.swift */,
				795B452228B7E7DA006D3835 /* UIViewController+Extension.swift */,
				795B452328B7E7DA006D3835 /* UIStackView+Extension.swift */,
				795B452428B7E7DA006D3835 /* CGFloat+Extension.swift */,
			);
			path = Extension;
			sourceTree = "<group>";
		};
		795B451628B7E7DA006D3835 /* UIImage */ = {
			isa = PBXGroup;
			children = (
				795B451728B7E7DA006D3835 /* FullAvatarImages.swift */,
				795B451828B7E7DA006D3835 /* PharusIcons.swift */,
				795B451928B7E7DA006D3835 /* UIImage+Extension.swift */,
				795B451A28B7E7DA006D3835 /* CompanyImages.swift.swift */,
				795B451B28B7E7DA006D3835 /* CircleAvatarImages.swift */,
				795B451C28B7E7DA006D3835 /* PharusImages.swift */,
			);
			path = UIImage;
			sourceTree = "<group>";
		};
		797A471B287481EC005A3632 /* Modules */ = {
			isa = PBXGroup;
			children = (
				79621ABB28B68A7C00A150F1 /* AppFeature */,
				79CA733028B656E5001EE3B7 /* CoreApp */,
				79CA732D28B656C3001EE3B7 /* CoreKit */,
				79CA733328B65764001EE3B7 /* CoreNetwork */,
				79CA732F28B656D9001EE3B7 /* CoreScene */,
				79CA733428B65781001EE3B7 /* CoreStorage */,
				79CA732E28B656CE001EE3B7 /* DataKit */,
				79CA732C28B656AD001EE3B7 /* Features */,
				79458CB828A5765000537910 /* InjectionKit */,
				79CA733128B656FA001EE3B7 /* PharusApp */,
				797A471C287481F2005A3632 /* PharusUI */,
			);
			path = Modules;
			sourceTree = "<group>";
		};
		799AF9F7285CECDE001B0371 /* Pharus */ = {
			isa = PBXGroup;
			children = (
				795B451528B7E7DA006D3835 /* Extension */,
				799AFA94285CECDE001B0371 /* Assets.xcassets */,
				799AFAB7285CECDE001B0371 /* Fonts */,
				799AFAC2285CECDE001B0371 /* Info.plist */,
				799AFA96285CECDE001B0371 /* LaunchScreen.storyboard */,
				799AFAB4285CECDE001B0371 /* Pharus.entitlements */,
				799AFA7C285CECDE001B0371 /* Service */,
				799AFA8E285CECDE001B0371 /* SystemDelegate */,
			);
			path = Pharus;
			sourceTree = "<group>";
		};
		799AFA7C285CECDE001B0371 /* Service */ = {
			isa = PBXGroup;
			children = (
				799AFA89285CECDE001B0371 /* Network.swift */,
			);
			path = Service;
			sourceTree = "<group>";
		};
		799AFA8E285CECDE001B0371 /* SystemDelegate */ = {
			isa = PBXGroup;
			children = (
				799AFA8F285CECDE001B0371 /* AppDelegate.swift */,
				799AFA90285CECDE001B0371 /* SceneDelegate.swift */,
			);
			path = SystemDelegate;
			sourceTree = "<group>";
		};
		799AFAB7285CECDE001B0371 /* Fonts */ = {
			isa = PBXGroup;
			children = (
				799AFAB8285CECDE001B0371 /* Montserrat */,
				799AFABD285CECDE001B0371 /* OpenSans */,
			);
			path = Fonts;
			sourceTree = "<group>";
		};
		799AFAB8285CECDE001B0371 /* Montserrat */ = {
			isa = PBXGroup;
			children = (
				799AFAB9285CECDE001B0371 /* Montserrat-Medium.ttf */,
				799AFABA285CECDE001B0371 /* Montserrat-Bold.ttf */,
				799AFABB285CECDE001B0371 /* Montserrat-SemiBold.ttf */,
				799AFABC285CECDE001B0371 /* Montserrat-Regular.ttf */,
			);
			path = Montserrat;
			sourceTree = "<group>";
		};
		799AFABD285CECDE001B0371 /* OpenSans */ = {
			isa = PBXGroup;
			children = (
				799AFABE285CECDE001B0371 /* OpenSans-SemiBold.ttf */,
				799AFABF285CECDE001B0371 /* OpenSans-Bold.ttf */,
				799AFAC0285CECDE001B0371 /* OpenSans-Medium.ttf */,
				799AFAC1285CECDE001B0371 /* OpenSans-Regular.ttf */,
			);
			path = OpenSans;
			sourceTree = "<group>";
		};
		79AF90F628043A120094AB97 /* Recovered References */ = {
			isa = PBXGroup;
			children = (
			);
			name = "Recovered References";
			sourceTree = "<group>";
		};
		79CA732C28B656AD001EE3B7 /* Features */ = {
			isa = PBXGroup;
			children = (
				7906B08C28B961F800681E6E /* AlertFeature */,
				79F12BE428B685AE00C23947 /* AvatarSelectionFeature */,
				79F12BE028B684CF00C23947 /* HomeFeature */,
				79F12BDF28B684BB00C23947 /* LoginFeature */,
				79621ABE28B68B6F00A150F1 /* SendFileFeature */,
				79F12BE528B685DB00C23947 /* StudentProfileFeature */,
				79F12BE128B6855D00C23947 /* StudentProjectsFeature */,
				79F12BE328B6859B00C23947 /* StudentProjectsRankingFeature */,
			);
			path = Features;
			sourceTree = "<group>";
		};
		79F06D9F27F28FCD00343865 /* PharusTests */ = {
			isa = PBXGroup;
			children = (
				79F06DA027F28FCD00343865 /* LoginPresenterTests.swift */,
			);
			path = PharusTests;
			sourceTree = "<group>";
		};
		C045617E27EA03A5007EC5C3 = {
			isa = PBXGroup;
			children = (
				797A471B287481EC005A3632 /* Modules */,
				799AF9F7285CECDE001B0371 /* Pharus */,
				79F06D9F27F28FCD00343865 /* PharusTests */,
				C045618827EA03A5007EC5C3 /* Products */,
				79AF90F628043A120094AB97 /* Recovered References */,
				791B4544287358D800F1EBE6 /* Frameworks */,
			);
			sourceTree = "<group>";
		};
		C045618827EA03A5007EC5C3 /* Products */ = {
			isa = PBXGroup;
			children = (
				C045618727EA03A5007EC5C3 /* Pharus.app */,
				79F06D9E27F28FCD00343865 /* PharusTests.xctest */,
			);
			name = Products;
			sourceTree = "<group>";
		};
/* End PBXGroup section */

/* Begin PBXNativeTarget section */
		79F06D9D27F28FCD00343865 /* PharusTests */ = {
			isa = PBXNativeTarget;
			buildConfigurationList = 79F06DA427F28FCD00343865 /* Build configuration list for PBXNativeTarget "PharusTests" */;
			buildPhases = (
				79F06D9A27F28FCD00343865 /* Sources */,
				79F06D9B27F28FCD00343865 /* Frameworks */,
				79F06D9C27F28FCD00343865 /* Resources */,
			);
			buildRules = (
			);
			dependencies = (
				79F06DA327F28FCD00343865 /* PBXTargetDependency */,
			);
			name = PharusTests;
			productName = LoginPresenterTests;
			productReference = 79F06D9E27F28FCD00343865 /* PharusTests.xctest */;
			productType = "com.apple.product-type.bundle.unit-test";
		};
		C045618627EA03A5007EC5C3 /* Pharus */ = {
			isa = PBXNativeTarget;
			buildConfigurationList = C045619B27EA03A6007EC5C3 /* Build configuration list for PBXNativeTarget "Pharus" */;
			buildPhases = (
				C045618327EA03A5007EC5C3 /* Sources */,
				C045618427EA03A5007EC5C3 /* Frameworks */,
				C045618527EA03A5007EC5C3 /* Resources */,
				7993923728592F4C00A324AE /* ShellScript */,
			);
			buildRules = (
			);
			dependencies = (
			);
			name = Pharus;
			packageProductDependencies = (
				791B4545287358D800F1EBE6 /* PharusUI */,
				79458CB928A5766B00537910 /* InjectionKit */,
				79CA733528B6593C001EE3B7 /* PharusApp */,
				7929987228B659F1009D5E0C /* CoreApp */,
				7929987428B659F1009D5E0C /* CoreKit */,
				7929987628B659F1009D5E0C /* CoreNetwork */,
				7929987828B659F1009D5E0C /* CoreScene */,
				7929987C28B659F1009D5E0C /* CoreStorage */,
				7929987E28B659F1009D5E0C /* DataKit */,
				79F12BE628B6860B00C23947 /* AvatarSelectionFeature */,
				79F12BE828B6860B00C23947 /* HomeFeature */,
				79F12BEA28B6860B00C23947 /* LoginFeature */,
				79F12BEC28B6860B00C23947 /* StudentProfileFeature */,
				79F12BF028B6860B00C23947 /* StudentProjectsFeature */,
				79F12BF228B6860B00C23947 /* StudentProjectsRankingFeature */,
				79621ABC28B68AB800A150F1 /* AppFeature */,
				79621ABF28B68BC900A150F1 /* SendFileFeature */,
				7906B08D28B9623D00681E6E /* AlertFeature */,
			);
			productName = Pharus;
			productReference = C045618727EA03A5007EC5C3 /* Pharus.app */;
			productType = "com.apple.product-type.application";
		};
/* End PBXNativeTarget section */

/* Begin PBXProject section */
		C045617F27EA03A5007EC5C3 /* Project object */ = {
			isa = PBXProject;
			attributes = {
				KnownAssetTags = (
					New,
				);
				LastSwiftUpdateCheck = 1320;
				LastUpgradeCheck = 1320;
				TargetAttributes = {
					79F06D9D27F28FCD00343865 = {
						CreatedOnToolsVersion = 13.2.1;
						TestTargetID = C045618627EA03A5007EC5C3;
					};
					C045618627EA03A5007EC5C3 = {
						CreatedOnToolsVersion = 12.1;
					};
				};
			};
			buildConfigurationList = C045618227EA03A5007EC5C3 /* Build configuration list for PBXProject "Pharus" */;
			compatibilityVersion = "Xcode 9.3";
			developmentRegion = en;
			hasScannedForEncodings = 0;
			knownRegions = (
				en,
				Base,
			);
			mainGroup = C045617E27EA03A5007EC5C3;
			productRefGroup = C045618827EA03A5007EC5C3 /* Products */;
			projectDirPath = "";
			projectRoot = "";
			targets = (
				C045618627EA03A5007EC5C3 /* Pharus */,
				79F06D9D27F28FCD00343865 /* PharusTests */,
			);
		};
/* End PBXProject section */

/* Begin PBXResourcesBuildPhase section */
		79F06D9C27F28FCD00343865 /* Resources */ = {
			isa = PBXResourcesBuildPhase;
			buildActionMask = 2147483647;
			files = (
			);
			runOnlyForDeploymentPostprocessing = 0;
		};
		C045618527EA03A5007EC5C3 /* Resources */ = {
			isa = PBXResourcesBuildPhase;
			buildActionMask = 2147483647;
			files = (
				799AFB61285CECDF001B0371 /* OpenSans-Bold.ttf in Resources */,
				799AFB60285CECDF001B0371 /* OpenSans-SemiBold.ttf in Resources */,
				799AFB62285CECDF001B0371 /* OpenSans-Medium.ttf in Resources */,
				799AFB5C285CECDF001B0371 /* Montserrat-Medium.ttf in Resources */,
				799AFB5D285CECDF001B0371 /* Montserrat-Bold.ttf in Resources */,
				799AFB5E285CECDF001B0371 /* Montserrat-SemiBold.ttf in Resources */,
				799AFB63285CECDF001B0371 /* OpenSans-Regular.ttf in Resources */,
				799AFB3F285CECDF001B0371 /* Assets.xcassets in Resources */,
				799AFB5F285CECDF001B0371 /* Montserrat-Regular.ttf in Resources */,
				799AFB41285CECDF001B0371 /* LaunchScreen.storyboard in Resources */,
			);
			runOnlyForDeploymentPostprocessing = 0;
		};
/* End PBXResourcesBuildPhase section */

/* Begin PBXShellScriptBuildPhase section */
		7993923728592F4C00A324AE /* ShellScript */ = {
			isa = PBXShellScriptBuildPhase;
			buildActionMask = 2147483647;
			files = (
			);
			inputFileListPaths = (
			);
			inputPaths = (
			);
			outputFileListPaths = (
			);
			outputPaths = (
			);
			runOnlyForDeploymentPostprocessing = 0;
			shellPath = /bin/sh;
			shellScript = "if which swiftlint > /dev/null; then\n  swiftlint autocorrect && swiftlint\nelse\n  echo \"warning: SwiftLint not installed, download from https://github.com/realm/SwiftLint\"\nfi\n";
		};
/* End PBXShellScriptBuildPhase section */

/* Begin PBXSourcesBuildPhase section */
		79F06D9A27F28FCD00343865 /* Sources */ = {
			isa = PBXSourcesBuildPhase;
			buildActionMask = 2147483647;
			files = (
				79F06DA127F28FCD00343865 /* LoginPresenterTests.swift in Sources */,
			);
			runOnlyForDeploymentPostprocessing = 0;
		};
		C045618327EA03A5007EC5C3 /* Sources */ = {
			isa = PBXSourcesBuildPhase;
			buildActionMask = 2147483647;
			files = (
				799AFB3B285CECDF001B0371 /* SceneDelegate.swift in Sources */,
				799AFB35285CECDF001B0371 /* Network.swift in Sources */,
				799AFB3A285CECDF001B0371 /* AppDelegate.swift in Sources */,
			);
			runOnlyForDeploymentPostprocessing = 0;
		};
/* End PBXSourcesBuildPhase section */

/* Begin PBXTargetDependency section */
		79F06DA327F28FCD00343865 /* PBXTargetDependency */ = {
			isa = PBXTargetDependency;
			target = C045618627EA03A5007EC5C3 /* Pharus */;
			targetProxy = 79F06DA227F28FCD00343865 /* PBXContainerItemProxy */;
		};
/* End PBXTargetDependency section */

/* Begin PBXVariantGroup section */
		799AFA96285CECDE001B0371 /* LaunchScreen.storyboard */ = {
			isa = PBXVariantGroup;
			children = (
				799AFA97285CECDE001B0371 /* Base */,
			);
			name = LaunchScreen.storyboard;
			sourceTree = "<group>";
		};
/* End PBXVariantGroup section */

/* Begin XCBuildConfiguration section */
		79F06DA527F28FCD00343865 /* Debug */ = {
			isa = XCBuildConfiguration;
			buildSettings = {
				ALWAYS_EMBED_SWIFT_STANDARD_LIBRARIES = YES;
				BUNDLE_LOADER = "$(TEST_HOST)";
				CLANG_CXX_LANGUAGE_STANDARD = "gnu++17";
				CODE_SIGN_STYLE = Automatic;
				CURRENT_PROJECT_VERSION = 1;
				DEVELOPMENT_TEAM = QNHX86K7F4;
				GENERATE_INFOPLIST_FILE = YES;
				IPHONEOS_DEPLOYMENT_TARGET = 14.1;
				MARKETING_VERSION = 1.0;
				PRODUCT_BUNDLE_IDENTIFIER = com.colen.victor.LoginPresenterTests;
				PRODUCT_NAME = "$(TARGET_NAME)";
				SWIFT_EMIT_LOC_STRINGS = NO;
				SWIFT_VERSION = 5.0;
				TARGETED_DEVICE_FAMILY = "1,2";
				TEST_HOST = "$(BUILT_PRODUCTS_DIR)/Pharus.app/Pharus";
			};
			name = Debug;
		};
		79F06DA627F28FCD00343865 /* Release */ = {
			isa = XCBuildConfiguration;
			buildSettings = {
				ALWAYS_EMBED_SWIFT_STANDARD_LIBRARIES = YES;
				BUNDLE_LOADER = "$(TEST_HOST)";
				CLANG_CXX_LANGUAGE_STANDARD = "gnu++17";
				CODE_SIGN_STYLE = Automatic;
				CURRENT_PROJECT_VERSION = 1;
				DEVELOPMENT_TEAM = QNHX86K7F4;
				GENERATE_INFOPLIST_FILE = YES;
				IPHONEOS_DEPLOYMENT_TARGET = 14.1;
				MARKETING_VERSION = 1.0;
				PRODUCT_BUNDLE_IDENTIFIER = com.colen.victor.LoginPresenterTests;
				PRODUCT_NAME = "$(TARGET_NAME)";
				SWIFT_EMIT_LOC_STRINGS = NO;
				SWIFT_VERSION = 5.0;
				TARGETED_DEVICE_FAMILY = "1,2";
				TEST_HOST = "$(BUILT_PRODUCTS_DIR)/Pharus.app/Pharus";
			};
			name = Release;
		};
		C045619927EA03A6007EC5C3 /* Debug */ = {
			isa = XCBuildConfiguration;
			buildSettings = {
				ALWAYS_SEARCH_USER_PATHS = NO;
				CLANG_ANALYZER_NONNULL = YES;
				CLANG_ANALYZER_NUMBER_OBJECT_CONVERSION = YES_AGGRESSIVE;
				CLANG_CXX_LANGUAGE_STANDARD = "gnu++14";
				CLANG_CXX_LIBRARY = "libc++";
				CLANG_ENABLE_MODULES = YES;
				CLANG_ENABLE_OBJC_ARC = YES;
				CLANG_ENABLE_OBJC_WEAK = YES;
				CLANG_WARN_BLOCK_CAPTURE_AUTORELEASING = YES;
				CLANG_WARN_BOOL_CONVERSION = YES;
				CLANG_WARN_COMMA = YES;
				CLANG_WARN_CONSTANT_CONVERSION = YES;
				CLANG_WARN_DEPRECATED_OBJC_IMPLEMENTATIONS = YES;
				CLANG_WARN_DIRECT_OBJC_ISA_USAGE = YES_ERROR;
				CLANG_WARN_DOCUMENTATION_COMMENTS = YES;
				CLANG_WARN_EMPTY_BODY = YES;
				CLANG_WARN_ENUM_CONVERSION = YES;
				CLANG_WARN_INFINITE_RECURSION = YES;
				CLANG_WARN_INT_CONVERSION = YES;
				CLANG_WARN_NON_LITERAL_NULL_CONVERSION = YES;
				CLANG_WARN_OBJC_IMPLICIT_RETAIN_SELF = YES;
				CLANG_WARN_OBJC_LITERAL_CONVERSION = YES;
				CLANG_WARN_OBJC_ROOT_CLASS = YES_ERROR;
				CLANG_WARN_QUOTED_INCLUDE_IN_FRAMEWORK_HEADER = YES;
				CLANG_WARN_RANGE_LOOP_ANALYSIS = YES;
				CLANG_WARN_STRICT_PROTOTYPES = YES;
				CLANG_WARN_SUSPICIOUS_MOVE = YES;
				CLANG_WARN_UNGUARDED_AVAILABILITY = YES_AGGRESSIVE;
				CLANG_WARN_UNREACHABLE_CODE = YES;
				CLANG_WARN__DUPLICATE_METHOD_MATCH = YES;
				COPY_PHASE_STRIP = NO;
				DEBUG_INFORMATION_FORMAT = dwarf;
				ENABLE_STRICT_OBJC_MSGSEND = YES;
				ENABLE_TESTABILITY = YES;
				GCC_C_LANGUAGE_STANDARD = gnu11;
				GCC_DYNAMIC_NO_PIC = NO;
				GCC_NO_COMMON_BLOCKS = YES;
				GCC_OPTIMIZATION_LEVEL = 0;
				GCC_PREPROCESSOR_DEFINITIONS = (
					"DEBUG=1",
					"$(inherited)",
				);
				GCC_WARN_64_TO_32_BIT_CONVERSION = YES;
				GCC_WARN_ABOUT_RETURN_TYPE = YES_ERROR;
				GCC_WARN_UNDECLARED_SELECTOR = YES;
				GCC_WARN_UNINITIALIZED_AUTOS = YES_AGGRESSIVE;
				GCC_WARN_UNUSED_FUNCTION = YES;
				GCC_WARN_UNUSED_VARIABLE = YES;
				IPHONEOS_DEPLOYMENT_TARGET = 14.1;
				MTL_ENABLE_DEBUG_INFO = INCLUDE_SOURCE;
				MTL_FAST_MATH = YES;
				ONLY_ACTIVE_ARCH = YES;
				SDKROOT = iphoneos;
				SWIFT_ACTIVE_COMPILATION_CONDITIONS = DEBUG;
				SWIFT_OPTIMIZATION_LEVEL = "-Onone";
			};
			name = Debug;
		};
		C045619A27EA03A6007EC5C3 /* Release */ = {
			isa = XCBuildConfiguration;
			buildSettings = {
				ALWAYS_SEARCH_USER_PATHS = NO;
				CLANG_ANALYZER_NONNULL = YES;
				CLANG_ANALYZER_NUMBER_OBJECT_CONVERSION = YES_AGGRESSIVE;
				CLANG_CXX_LANGUAGE_STANDARD = "gnu++14";
				CLANG_CXX_LIBRARY = "libc++";
				CLANG_ENABLE_MODULES = YES;
				CLANG_ENABLE_OBJC_ARC = YES;
				CLANG_ENABLE_OBJC_WEAK = YES;
				CLANG_WARN_BLOCK_CAPTURE_AUTORELEASING = YES;
				CLANG_WARN_BOOL_CONVERSION = YES;
				CLANG_WARN_COMMA = YES;
				CLANG_WARN_CONSTANT_CONVERSION = YES;
				CLANG_WARN_DEPRECATED_OBJC_IMPLEMENTATIONS = YES;
				CLANG_WARN_DIRECT_OBJC_ISA_USAGE = YES_ERROR;
				CLANG_WARN_DOCUMENTATION_COMMENTS = YES;
				CLANG_WARN_EMPTY_BODY = YES;
				CLANG_WARN_ENUM_CONVERSION = YES;
				CLANG_WARN_INFINITE_RECURSION = YES;
				CLANG_WARN_INT_CONVERSION = YES;
				CLANG_WARN_NON_LITERAL_NULL_CONVERSION = YES;
				CLANG_WARN_OBJC_IMPLICIT_RETAIN_SELF = YES;
				CLANG_WARN_OBJC_LITERAL_CONVERSION = YES;
				CLANG_WARN_OBJC_ROOT_CLASS = YES_ERROR;
				CLANG_WARN_QUOTED_INCLUDE_IN_FRAMEWORK_HEADER = YES;
				CLANG_WARN_RANGE_LOOP_ANALYSIS = YES;
				CLANG_WARN_STRICT_PROTOTYPES = YES;
				CLANG_WARN_SUSPICIOUS_MOVE = YES;
				CLANG_WARN_UNGUARDED_AVAILABILITY = YES_AGGRESSIVE;
				CLANG_WARN_UNREACHABLE_CODE = YES;
				CLANG_WARN__DUPLICATE_METHOD_MATCH = YES;
				COPY_PHASE_STRIP = NO;
				DEBUG_INFORMATION_FORMAT = "dwarf-with-dsym";
				ENABLE_NS_ASSERTIONS = NO;
				ENABLE_STRICT_OBJC_MSGSEND = YES;
				GCC_C_LANGUAGE_STANDARD = gnu11;
				GCC_NO_COMMON_BLOCKS = YES;
				GCC_WARN_64_TO_32_BIT_CONVERSION = YES;
				GCC_WARN_ABOUT_RETURN_TYPE = YES_ERROR;
				GCC_WARN_UNDECLARED_SELECTOR = YES;
				GCC_WARN_UNINITIALIZED_AUTOS = YES_AGGRESSIVE;
				GCC_WARN_UNUSED_FUNCTION = YES;
				GCC_WARN_UNUSED_VARIABLE = YES;
				IPHONEOS_DEPLOYMENT_TARGET = 14.1;
				MTL_ENABLE_DEBUG_INFO = NO;
				MTL_FAST_MATH = YES;
				SDKROOT = iphoneos;
				SWIFT_COMPILATION_MODE = wholemodule;
				SWIFT_OPTIMIZATION_LEVEL = "-O";
				VALIDATE_PRODUCT = YES;
			};
			name = Release;
		};
		C045619C27EA03A6007EC5C3 /* Debug */ = {
			isa = XCBuildConfiguration;
			buildSettings = {
				ASSETCATALOG_COMPILER_APPICON_NAME = AppIcon;
				ASSETCATALOG_COMPILER_GLOBAL_ACCENT_COLOR_NAME = AccentColor;
				CODE_SIGN_ENTITLEMENTS = Pharus/Pharus.entitlements;
				CODE_SIGN_IDENTITY = "Apple Development";
				CODE_SIGN_STYLE = Automatic;
				DEVELOPMENT_TEAM = QNHX86K7F4;
				INFOPLIST_FILE = Pharus/Info.plist;
				IPHONEOS_DEPLOYMENT_TARGET = 14.1;
				LD_RUNPATH_SEARCH_PATHS = (
					"$(inherited)",
					"@executable_path/Frameworks",
				);
				PRODUCT_BUNDLE_IDENTIFIER = "Jessica-Serqueira.Pharus";
				PRODUCT_NAME = "$(TARGET_NAME)";
				PROVISIONING_PROFILE_SPECIFIER = "";
				SWIFT_VERSION = 5.0;
				TARGETED_DEVICE_FAMILY = 1;
			};
			name = Debug;
		};
		C045619D27EA03A6007EC5C3 /* Release */ = {
			isa = XCBuildConfiguration;
			buildSettings = {
				ASSETCATALOG_COMPILER_APPICON_NAME = AppIcon;
				ASSETCATALOG_COMPILER_GLOBAL_ACCENT_COLOR_NAME = AccentColor;
				CODE_SIGN_ENTITLEMENTS = Pharus/Pharus.entitlements;
				CODE_SIGN_IDENTITY = "Apple Development";
				CODE_SIGN_STYLE = Automatic;
				DEVELOPMENT_TEAM = QNHX86K7F4;
				INFOPLIST_FILE = Pharus/Info.plist;
				IPHONEOS_DEPLOYMENT_TARGET = 14.1;
				LD_RUNPATH_SEARCH_PATHS = (
					"$(inherited)",
					"@executable_path/Frameworks",
				);
				PRODUCT_BUNDLE_IDENTIFIER = "Jessica-Serqueira.Pharus";
				PRODUCT_NAME = "$(TARGET_NAME)";
				PROVISIONING_PROFILE_SPECIFIER = "";
				SWIFT_VERSION = 5.0;
				TARGETED_DEVICE_FAMILY = 1;
			};
			name = Release;
		};
/* End XCBuildConfiguration section */

/* Begin XCConfigurationList section */
		79F06DA427F28FCD00343865 /* Build configuration list for PBXNativeTarget "PharusTests" */ = {
			isa = XCConfigurationList;
			buildConfigurations = (
				79F06DA527F28FCD00343865 /* Debug */,
				79F06DA627F28FCD00343865 /* Release */,
			);
			defaultConfigurationIsVisible = 0;
			defaultConfigurationName = Release;
		};
		C045618227EA03A5007EC5C3 /* Build configuration list for PBXProject "Pharus" */ = {
			isa = XCConfigurationList;
			buildConfigurations = (
				C045619927EA03A6007EC5C3 /* Debug */,
				C045619A27EA03A6007EC5C3 /* Release */,
			);
			defaultConfigurationIsVisible = 0;
			defaultConfigurationName = Release;
		};
		C045619B27EA03A6007EC5C3 /* Build configuration list for PBXNativeTarget "Pharus" */ = {
			isa = XCConfigurationList;
			buildConfigurations = (
				C045619C27EA03A6007EC5C3 /* Debug */,
				C045619D27EA03A6007EC5C3 /* Release */,
			);
			defaultConfigurationIsVisible = 0;
			defaultConfigurationName = Release;
		};
/* End XCConfigurationList section */

/* Begin XCSwiftPackageProductDependency section */
		7906B08D28B9623D00681E6E /* AlertFeature */ = {
			isa = XCSwiftPackageProductDependency;
			productName = AlertFeature;
		};
		791B4545287358D800F1EBE6 /* PharusUI */ = {
			isa = XCSwiftPackageProductDependency;
			productName = PharusUI;
		};
		7929987228B659F1009D5E0C /* CoreApp */ = {
			isa = XCSwiftPackageProductDependency;
			productName = CoreApp;
		};
		7929987428B659F1009D5E0C /* CoreKit */ = {
			isa = XCSwiftPackageProductDependency;
			productName = CoreKit;
		};
		7929987628B659F1009D5E0C /* CoreNetwork */ = {
			isa = XCSwiftPackageProductDependency;
			productName = CoreNetwork;
		};
		7929987828B659F1009D5E0C /* CoreScene */ = {
			isa = XCSwiftPackageProductDependency;
			productName = CoreScene;
		};
		7929987C28B659F1009D5E0C /* CoreStorage */ = {
			isa = XCSwiftPackageProductDependency;
			productName = CoreStorage;
		};
		7929987E28B659F1009D5E0C /* DataKit */ = {
			isa = XCSwiftPackageProductDependency;
			productName = DataKit;
		};
		79458CB928A5766B00537910 /* InjectionKit */ = {
			isa = XCSwiftPackageProductDependency;
			productName = InjectionKit;
		};
		79621ABC28B68AB800A150F1 /* AppFeature */ = {
			isa = XCSwiftPackageProductDependency;
			productName = AppFeature;
		};
		79621ABF28B68BC900A150F1 /* SendFileFeature */ = {
			isa = XCSwiftPackageProductDependency;
			productName = SendFileFeature;
		};
		79CA733528B6593C001EE3B7 /* PharusApp */ = {
			isa = XCSwiftPackageProductDependency;
			productName = PharusApp;
		};
		79F12BE628B6860B00C23947 /* AvatarSelectionFeature */ = {
			isa = XCSwiftPackageProductDependency;
			productName = AvatarSelectionFeature;
		};
		79F12BE828B6860B00C23947 /* HomeFeature */ = {
			isa = XCSwiftPackageProductDependency;
			productName = HomeFeature;
		};
		79F12BEA28B6860B00C23947 /* LoginFeature */ = {
			isa = XCSwiftPackageProductDependency;
			productName = LoginFeature;
		};
		79F12BEC28B6860B00C23947 /* StudentProfileFeature */ = {
			isa = XCSwiftPackageProductDependency;
			productName = StudentProfileFeature;
		};
		79F12BF028B6860B00C23947 /* StudentProjectsFeature */ = {
			isa = XCSwiftPackageProductDependency;
			productName = StudentProjectsFeature;
		};
		79F12BF228B6860B00C23947 /* StudentProjectsRankingFeature */ = {
			isa = XCSwiftPackageProductDependency;
			productName = StudentProjectsRankingFeature;
		};
/* End XCSwiftPackageProductDependency section */
	};
	rootObject = C045617F27EA03A5007EC5C3 /* Project object */;
}
